
Microsoft Visual Studio Solution File, Format Version 12.00
# Visual Studio 14
VisualStudioVersion = 14.0.24720.0
MinimumVisualStudioVersion = 10.0.40219.1
Project("{888888A0-9F3D-457C-B088-3A5042F75D52}") = "BaxterOculusInterface", "src\BaxterOculusInterface.pyproj", "{DB927B69-6E77-43CE-95C2-9FB90DFCD136}"
EndProject
Project("{2150E333-8FDC-42A3-9474-1A3956D46DE8}") = "Solution Items", "Solution Items", "{E6E7345D-9396-4FA4-B114-3CF054E154CD}"
	ProjectSection(SolutionItems) = preProject
		CMakeLists.txt = CMakeLists.txt
		launch\Local-Nail-high-rates.launch = launch\Local-Nail-high-rates.launch
		launch\Local-TGrip-high-rates.launch = launch\Local-TGrip-high-rates.launch
		..\Messaging\oculus_t.lcm = ..\Messaging\oculus_t.lcm
		package.xml = package.xml
		launch\Remote-Nail-high-rates.launch = launch\Remote-Nail-high-rates.launch
		launch\Remote-Nail-low-rates.launch = launch\Remote-Nail-low-rates.launch
		launch\Remote-TGrip-low-rates.launch = launch\Remote-TGrip-low-rates.launch
		launch\ROS_LCM_bridge.launch = launch\ROS_LCM_bridge.launch
		launch\test-CanopyDebug.launch = launch\test-CanopyDebug.launch
		launch\test-echo.launch = launch\test-echo.launch
		launch\test-RemoteRange.launch = launch\test-RemoteRange.launch
		launch\test-system.launch = launch\test-system.launch
	EndProjectSection
EndProject
Global
	GlobalSection(SolutionConfigurationPlatforms) = preSolution
		Debug|Any CPU = Debug|Any CPU
		Release|Any CPU = Release|Any CPU
	EndGlobalSection
	GlobalSection(ProjectConfigurationPlatforms) = postSolution
		{DB927B69-6E77-43CE-95C2-9FB90DFCD136}.Debug|Any CPU.ActiveCfg = Debug|Any CPU
		{DB927B69-6E77-43CE-95C2-9FB90DFCD136}.Release|Any CPU.ActiveCfg = Release|Any CPU
	EndGlobalSection
	GlobalSection(SolutionProperties) = preSolution
		HideSolutionNode = FALSE
	EndGlobalSection
EndGlobal
